
Microsoft Visual Studio Solution File, Format Version 12.00
# Visual Studio 15
VisualStudioVersion = 15.0.27703.2026
MinimumVisualStudioVersion = 10.0.40219.1
Project("{FAE04EC0-301F-11D3-BF4B-00C04F79EFBC}") = "ConsoleApp1", "ConsoleApp1\ConsoleApp1.csproj", "{379CC9AE-9AB4-4029-8A16-EB31B92135B4}"
EndProject
Global
	GlobalSection(SolutionConfigurationPlatforms) = preSolution
		Debug|Any CPU = Debug|Any CPU
		Release|Any CPU = Release|Any CPU
	EndGlobalSection
	GlobalSection(ProjectConfigurationPlatforms) = postSolution
		{379CC9AE-9AB4-4029-8A16-EB31B92135B4}.Debug|Any CPU.ActiveCfg = Debug|Any CPU
		{379CC9AE-9AB4-4029-8A16-EB31B92135B4}.Debug|Any CPU.Build.0 = Debug|Any CPU
		{379CC9AE-9AB4-4029-8A16-EB31B92135B4}.Release|Any CPU.ActiveCfg = Release|Any CPU
		{379CC9AE-9AB4-4029-8A16-EB31B92135B4}.Release|Any CPU.Build.0 = Release|Any CPU
	EndGlobalSection
	GlobalSection(SolutionProperties) = preSolution
		HideSolutionNode = FALSE
	EndGlobalSection
	GlobalSection(ExtensibilityGlobals) = postSolution
		SolutionGuid = {41648DC6-69FD-4E6A-8994-2F7FAB664BC8}
	EndGlobalSection
EndGlobal
