
Microsoft Visual Studio Solution File, Format Version 12.00
# Visual Studio 15
VisualStudioVersion = 15.0.27703.2026
MinimumVisualStudioVersion = 10.0.40219.1
Project("{FAE04EC0-301F-11D3-BF4B-00C04F79EFBC}") = "DesignPatternConsoleApp2", "DesignPatternConsoleApp2\DesignPatternConsoleApp2.csproj", "{B7903966-3C0F-411B-9FFC-110211C60FC9}"
EndProject
Global
	GlobalSection(SolutionConfigurationPlatforms) = preSolution
		Debug|Any CPU = Debug|Any CPU
		Release|Any CPU = Release|Any CPU
	EndGlobalSection
	GlobalSection(ProjectConfigurationPlatforms) = postSolution
		{B7903966-3C0F-411B-9FFC-110211C60FC9}.Debug|Any CPU.ActiveCfg = Debug|Any CPU
		{B7903966-3C0F-411B-9FFC-110211C60FC9}.Debug|Any CPU.Build.0 = Debug|Any CPU
		{B7903966-3C0F-411B-9FFC-110211C60FC9}.Release|Any CPU.ActiveCfg = Release|Any CPU
		{B7903966-3C0F-411B-9FFC-110211C60FC9}.Release|Any CPU.Build.0 = Release|Any CPU
	EndGlobalSection
	GlobalSection(SolutionProperties) = preSolution
		HideSolutionNode = FALSE
	EndGlobalSection
	GlobalSection(ExtensibilityGlobals) = postSolution
		SolutionGuid = {551E7CF9-56B6-462A-9A99-53B8C15CE069}
	EndGlobalSection
EndGlobal
